
Microsoft Visual Studio Solution File, Format Version 12.00
# Visual Studio Version 17
VisualStudioVersion = 17.8.34322.80
MinimumVisualStudioVersion = 10.0.40219.1
Project("{9A19103F-16F7-4668-BE54-9A1E7A4F7556}") = "ApiFileUploader", "ApiFileUploader.csproj", "{21411B54-FDAB-4582-9A6C-9287B9B59BA6}"
EndProject
Project("{9A19103F-16F7-4668-BE54-9A1E7A4F7556}") = "Azure.Blob.Trigger.Function", "..\Azure.Blob.Trigger.Function\Azure.Blob.Trigger.Function.csproj", "{02D41D55-2502-4FCC-BE22-210500D54E58}"
EndProject
Global
	GlobalSection(SolutionConfigurationPlatforms) = preSolution
		Debug|Any CPU = Debug|Any CPU
		Release|Any CPU = Release|Any CPU
	EndGlobalSection
	GlobalSection(ProjectConfigurationPlatforms) = postSolution
		{21411B54-FDAB-4582-9A6C-9287B9B59BA6}.Debug|Any CPU.ActiveCfg = Debug|Any CPU
		{21411B54-FDAB-4582-9A6C-9287B9B59BA6}.Debug|Any CPU.Build.0 = Debug|Any CPU
		{21411B54-FDAB-4582-9A6C-9287B9B59BA6}.Release|Any CPU.ActiveCfg = Release|Any CPU
		{21411B54-FDAB-4582-9A6C-9287B9B59BA6}.Release|Any CPU.Build.0 = Release|Any CPU
		{02D41D55-2502-4FCC-BE22-210500D54E58}.Debug|Any CPU.ActiveCfg = Debug|Any CPU
		{02D41D55-2502-4FCC-BE22-210500D54E58}.Debug|Any CPU.Build.0 = Debug|Any CPU
		{02D41D55-2502-4FCC-BE22-210500D54E58}.Release|Any CPU.ActiveCfg = Release|Any CPU
		{02D41D55-2502-4FCC-BE22-210500D54E58}.Release|Any CPU.Build.0 = Release|Any CPU
	EndGlobalSection
	GlobalSection(SolutionProperties) = preSolution
		HideSolutionNode = FALSE
	EndGlobalSection
	GlobalSection(ExtensibilityGlobals) = postSolution
		SolutionGuid = {84ABA6F6-255A-427A-BD83-B828500D2B0F}
	EndGlobalSection
EndGlobal
